
Microsoft Visual Studio Solution File, Format Version 12.00
# Visual Studio 2013
VisualStudioVersion = 12.0.31101.0
MinimumVisualStudioVersion = 10.0.40219.1
Project("{FAE04EC0-301F-11D3-BF4B-00C04F79EFBC}") = "Opdracht2", "Opdracht2\Opdracht2.csproj", "{64B72383-D9D8-40A4-8AE0-30025DBCB70A}"
EndProject
Project("{FAE04EC0-301F-11D3-BF4B-00C04F79EFBC}") = "Opdracht1", "Opdracht1\Opdracht1.csproj", "{494FFB49-B804-46C1-9919-DD3F733843BD}"
EndProject
Project("{FAE04EC0-301F-11D3-BF4B-00C04F79EFBC}") = "Opdracht3", "Opdracht3\Opdracht3.csproj", "{97ED2179-15D1-4A51-AE4F-AC7F029002CA}"
EndProject
Project("{FAE04EC0-301F-11D3-BF4B-00C04F79EFBC}") = "Opdracht4", "Opdracht4\Opdracht4.csproj", "{53B2959C-21C4-4D2B-BA5D-9A445E770720}"
EndProject
Project("{FAE04EC0-301F-11D3-BF4B-00C04F79EFBC}") = "Opdracht5", "Opdracht5\Opdracht5.csproj", "{B19023EF-EC13-4DEA-B717-9DBD35CA7AA1}"
EndProject
Project("{FAE04EC0-301F-11D3-BF4B-00C04F79EFBC}") = "Opdracht6", "Opdracht6\Opdracht6.csproj", "{EBFC7BE9-5905-4329-BFF5-52655F318BC6}"
EndProject
Project("{FAE04EC0-301F-11D3-BF4B-00C04F79EFBC}") = "Opdracht7", "Opdracht7\Opdracht7.csproj", "{ECFDD67F-60B0-42C5-840B-3D5BD61E6102}"
EndProject
Global
	GlobalSection(SubversionScc) = preSolution
		Svn-Managed = True
		Manager = AnkhSVN - Subversion Support for Visual Studio
	EndGlobalSection
	GlobalSection(SolutionConfigurationPlatforms) = preSolution
		Debug|Any CPU = Debug|Any CPU
		Release|Any CPU = Release|Any CPU
	EndGlobalSection
	GlobalSection(ProjectConfigurationPlatforms) = postSolution
		{64B72383-D9D8-40A4-8AE0-30025DBCB70A}.Debug|Any CPU.ActiveCfg = Debug|Any CPU
		{64B72383-D9D8-40A4-8AE0-30025DBCB70A}.Debug|Any CPU.Build.0 = Debug|Any CPU
		{64B72383-D9D8-40A4-8AE0-30025DBCB70A}.Release|Any CPU.ActiveCfg = Release|Any CPU
		{64B72383-D9D8-40A4-8AE0-30025DBCB70A}.Release|Any CPU.Build.0 = Release|Any CPU
		{494FFB49-B804-46C1-9919-DD3F733843BD}.Debug|Any CPU.ActiveCfg = Debug|Any CPU
		{494FFB49-B804-46C1-9919-DD3F733843BD}.Debug|Any CPU.Build.0 = Debug|Any CPU
		{494FFB49-B804-46C1-9919-DD3F733843BD}.Release|Any CPU.ActiveCfg = Release|Any CPU
		{494FFB49-B804-46C1-9919-DD3F733843BD}.Release|Any CPU.Build.0 = Release|Any CPU
		{97ED2179-15D1-4A51-AE4F-AC7F029002CA}.Debug|Any CPU.ActiveCfg = Debug|Any CPU
		{97ED2179-15D1-4A51-AE4F-AC7F029002CA}.Debug|Any CPU.Build.0 = Debug|Any CPU
		{97ED2179-15D1-4A51-AE4F-AC7F029002CA}.Release|Any CPU.ActiveCfg = Release|Any CPU
		{97ED2179-15D1-4A51-AE4F-AC7F029002CA}.Release|Any CPU.Build.0 = Release|Any CPU
		{53B2959C-21C4-4D2B-BA5D-9A445E770720}.Debug|Any CPU.ActiveCfg = Debug|Any CPU
		{53B2959C-21C4-4D2B-BA5D-9A445E770720}.Debug|Any CPU.Build.0 = Debug|Any CPU
		{53B2959C-21C4-4D2B-BA5D-9A445E770720}.Release|Any CPU.ActiveCfg = Release|Any CPU
		{53B2959C-21C4-4D2B-BA5D-9A445E770720}.Release|Any CPU.Build.0 = Release|Any CPU
		{B19023EF-EC13-4DEA-B717-9DBD35CA7AA1}.Debug|Any CPU.ActiveCfg = Debug|Any CPU
		{B19023EF-EC13-4DEA-B717-9DBD35CA7AA1}.Debug|Any CPU.Build.0 = Debug|Any CPU
		{B19023EF-EC13-4DEA-B717-9DBD35CA7AA1}.Release|Any CPU.ActiveCfg = Release|Any CPU
		{B19023EF-EC13-4DEA-B717-9DBD35CA7AA1}.Release|Any CPU.Build.0 = Release|Any CPU
		{EBFC7BE9-5905-4329-BFF5-52655F318BC6}.Debug|Any CPU.ActiveCfg = Debug|Any CPU
		{EBFC7BE9-5905-4329-BFF5-52655F318BC6}.Debug|Any CPU.Build.0 = Debug|Any CPU
		{EBFC7BE9-5905-4329-BFF5-52655F318BC6}.Release|Any CPU.ActiveCfg = Release|Any CPU
		{EBFC7BE9-5905-4329-BFF5-52655F318BC6}.Release|Any CPU.Build.0 = Release|Any CPU
		{ECFDD67F-60B0-42C5-840B-3D5BD61E6102}.Debug|Any CPU.ActiveCfg = Debug|Any CPU
		{ECFDD67F-60B0-42C5-840B-3D5BD61E6102}.Debug|Any CPU.Build.0 = Debug|Any CPU
		{ECFDD67F-60B0-42C5-840B-3D5BD61E6102}.Release|Any CPU.ActiveCfg = Release|Any CPU
		{ECFDD67F-60B0-42C5-840B-3D5BD61E6102}.Release|Any CPU.Build.0 = Release|Any CPU
	EndGlobalSection
	GlobalSection(SolutionProperties) = preSolution
		HideSolutionNode = FALSE
	EndGlobalSection
EndGlobal
